
Microsoft Visual Studio Solution File, Format Version 12.00
# Visual Studio 15
VisualStudioVersion = 15.0.28307.960
MinimumVisualStudioVersion = 10.0.40219.1
Project("{FAE04EC0-301F-11D3-BF4B-00C04F79EFBC}") = "MiniEyes.WpfHelperTools", "src\MiniEyes.WpfHelperTools\MiniEyes.WpfHelperTools.csproj", "{D6527635-2272-4DB7-84B0-5E8CD32EB31C}"
EndProject
Project("{FAE04EC0-301F-11D3-BF4B-00C04F79EFBC}") = "MiniEyes.WpfHelperTools.Samples", "src\MiniEyes.WpfHelperTools.Samples\MiniEyes.WpfHelperTools.Samples.csproj", "{B1BF99AA-2405-4032-8C74-E75135B3B869}"
EndProject
Global
	GlobalSection(SolutionConfigurationPlatforms) = preSolution
		Debug|Any CPU = Debug|Any CPU
		Release|Any CPU = Release|Any CPU
	EndGlobalSection
	GlobalSection(ProjectConfigurationPlatforms) = postSolution
		{D6527635-2272-4DB7-84B0-5E8CD32EB31C}.Debug|Any CPU.ActiveCfg = Debug|Any CPU
		{D6527635-2272-4DB7-84B0-5E8CD32EB31C}.Debug|Any CPU.Build.0 = Debug|Any CPU
		{D6527635-2272-4DB7-84B0-5E8CD32EB31C}.Release|Any CPU.ActiveCfg = Release|Any CPU
		{D6527635-2272-4DB7-84B0-5E8CD32EB31C}.Release|Any CPU.Build.0 = Release|Any CPU
		{B1BF99AA-2405-4032-8C74-E75135B3B869}.Debug|Any CPU.ActiveCfg = Debug|Any CPU
		{B1BF99AA-2405-4032-8C74-E75135B3B869}.Debug|Any CPU.Build.0 = Debug|Any CPU
		{B1BF99AA-2405-4032-8C74-E75135B3B869}.Release|Any CPU.ActiveCfg = Release|Any CPU
		{B1BF99AA-2405-4032-8C74-E75135B3B869}.Release|Any CPU.Build.0 = Release|Any CPU
	EndGlobalSection
	GlobalSection(SolutionProperties) = preSolution
		HideSolutionNode = FALSE
	EndGlobalSection
	GlobalSection(ExtensibilityGlobals) = postSolution
		SolutionGuid = {2F484975-A0D5-4CE0-A6D8-48D2F503DDD1}
	EndGlobalSection
EndGlobal
